
Microsoft Visual Studio Solution File, Format Version 12.00
# Visual Studio Version 16
VisualStudioVersion = 16.0.29215.179
MinimumVisualStudioVersion = 10.0.40219.1
Project("{FAE04EC0-301F-11D3-BF4B-00C04F79EFBC}") = "ExcelNPOI", "ExcelNPOI\ExcelNPOI.csproj", "{3943EAFE-8E71-48EF-8D5B-EC643B861A75}"
EndProject
Project("{FAE04EC0-301F-11D3-BF4B-00C04F79EFBC}") = "ExcelModifyer", "ExcelModifyer\ExcelModifyer.csproj", "{A44B236D-F1C7-426C-875C-41D7AECC17D3}"
EndProject
Project("{FAE04EC0-301F-11D3-BF4B-00C04F79EFBC}") = "XiaoXiong.ConsoleApp", "XiaoXiong.ConsoleApp\XiaoXiong.ConsoleApp.csproj", "{93DDFB4C-CAA9-46C0-9A9D-B2A12D139F74}"
EndProject
Global
	GlobalSection(SolutionConfigurationPlatforms) = preSolution
		Debug|Any CPU = Debug|Any CPU
		Release|Any CPU = Release|Any CPU
	EndGlobalSection
	GlobalSection(ProjectConfigurationPlatforms) = postSolution
		{3943EAFE-8E71-48EF-8D5B-EC643B861A75}.Debug|Any CPU.ActiveCfg = Debug|Any CPU
		{3943EAFE-8E71-48EF-8D5B-EC643B861A75}.Debug|Any CPU.Build.0 = Debug|Any CPU
		{3943EAFE-8E71-48EF-8D5B-EC643B861A75}.Release|Any CPU.ActiveCfg = Release|Any CPU
		{3943EAFE-8E71-48EF-8D5B-EC643B861A75}.Release|Any CPU.Build.0 = Release|Any CPU
		{A44B236D-F1C7-426C-875C-41D7AECC17D3}.Debug|Any CPU.ActiveCfg = Debug|Any CPU
		{A44B236D-F1C7-426C-875C-41D7AECC17D3}.Debug|Any CPU.Build.0 = Debug|Any CPU
		{A44B236D-F1C7-426C-875C-41D7AECC17D3}.Release|Any CPU.ActiveCfg = Release|Any CPU
		{A44B236D-F1C7-426C-875C-41D7AECC17D3}.Release|Any CPU.Build.0 = Release|Any CPU
		{93DDFB4C-CAA9-46C0-9A9D-B2A12D139F74}.Debug|Any CPU.ActiveCfg = Debug|Any CPU
		{93DDFB4C-CAA9-46C0-9A9D-B2A12D139F74}.Debug|Any CPU.Build.0 = Debug|Any CPU
		{93DDFB4C-CAA9-46C0-9A9D-B2A12D139F74}.Release|Any CPU.ActiveCfg = Release|Any CPU
		{93DDFB4C-CAA9-46C0-9A9D-B2A12D139F74}.Release|Any CPU.Build.0 = Release|Any CPU
	EndGlobalSection
	GlobalSection(SolutionProperties) = preSolution
		HideSolutionNode = FALSE
	EndGlobalSection
	GlobalSection(ExtensibilityGlobals) = postSolution
		SolutionGuid = {FFB4780D-9E8C-4DFE-BAA6-44ABA2B09142}
	EndGlobalSection
EndGlobal
