
Microsoft Visual Studio Solution File, Format Version 12.00
# Visual Studio Version 16
VisualStudioVersion = 16.0.29215.179
MinimumVisualStudioVersion = 10.0.40219.1
Project("{FAE04EC0-301F-11D3-BF4B-00C04F79EFBC}") = "test", "test\test.csproj", "{4E29C620-F48F-4348-8641-3F159765D532}"
EndProject
Project("{FAE04EC0-301F-11D3-BF4B-00C04F79EFBC}") = "WebApplication1", "WebApplication1\WebApplication1.csproj", "{8FB1FB0B-1A63-4547-AC3D-302E1D90A33A}"
EndProject
Global
	GlobalSection(SolutionConfigurationPlatforms) = preSolution
		Debug|Any CPU = Debug|Any CPU
		Release|Any CPU = Release|Any CPU
	EndGlobalSection
	GlobalSection(ProjectConfigurationPlatforms) = postSolution
		{4E29C620-F48F-4348-8641-3F159765D532}.Debug|Any CPU.ActiveCfg = Debug|Any CPU
		{4E29C620-F48F-4348-8641-3F159765D532}.Debug|Any CPU.Build.0 = Debug|Any CPU
		{4E29C620-F48F-4348-8641-3F159765D532}.Release|Any CPU.ActiveCfg = Release|Any CPU
		{4E29C620-F48F-4348-8641-3F159765D532}.Release|Any CPU.Build.0 = Release|Any CPU
		{8FB1FB0B-1A63-4547-AC3D-302E1D90A33A}.Debug|Any CPU.ActiveCfg = Debug|Any CPU
		{8FB1FB0B-1A63-4547-AC3D-302E1D90A33A}.Debug|Any CPU.Build.0 = Debug|Any CPU
		{8FB1FB0B-1A63-4547-AC3D-302E1D90A33A}.Release|Any CPU.ActiveCfg = Release|Any CPU
		{8FB1FB0B-1A63-4547-AC3D-302E1D90A33A}.Release|Any CPU.Build.0 = Release|Any CPU
	EndGlobalSection
	GlobalSection(SolutionProperties) = preSolution
		HideSolutionNode = FALSE
	EndGlobalSection
	GlobalSection(ExtensibilityGlobals) = postSolution
		SolutionGuid = {A9694D71-6DCA-4BF6-85F4-EAB12F46E145}
	EndGlobalSection
EndGlobal
