
Microsoft Visual Studio Solution File, Format Version 12.00
# Visual Studio Version 16
VisualStudioVersion = 16.0.29215.179
MinimumVisualStudioVersion = 10.0.40219.1
Project("{FAE04EC0-301F-11D3-BF4B-00C04F79EFBC}") = "NHAPI", "NHAPI\NHAPI.csproj", "{6095BF26-EAE7-4DBF-B182-387AEF0BBD5B}"
EndProject
Global
	GlobalSection(SolutionConfigurationPlatforms) = preSolution
		Debug|Any CPU = Debug|Any CPU
		Release|Any CPU = Release|Any CPU
	EndGlobalSection
	GlobalSection(ProjectConfigurationPlatforms) = postSolution
		{6095BF26-EAE7-4DBF-B182-387AEF0BBD5B}.Debug|Any CPU.ActiveCfg = Debug|Any CPU
		{6095BF26-EAE7-4DBF-B182-387AEF0BBD5B}.Debug|Any CPU.Build.0 = Debug|Any CPU
		{6095BF26-EAE7-4DBF-B182-387AEF0BBD5B}.Release|Any CPU.ActiveCfg = Release|Any CPU
		{6095BF26-EAE7-4DBF-B182-387AEF0BBD5B}.Release|Any CPU.Build.0 = Release|Any CPU
	EndGlobalSection
	GlobalSection(SolutionProperties) = preSolution
		HideSolutionNode = FALSE
	EndGlobalSection
	GlobalSection(ExtensibilityGlobals) = postSolution
		SolutionGuid = {D96B4380-681A-469D-8562-CE20EB8B6464}
	EndGlobalSection
EndGlobal
